
Microsoft Visual Studio Solution File, Format Version 12.00
# Visual Studio Version 16
VisualStudioVersion = 16.0.29409.12
MinimumVisualStudioVersion = 10.0.40219.1
Project("{9A19103F-16F7-4668-BE54-9A1E7A4F7556}") = "SemesterAssignmentSimplifiedQ1", "SemesterAssignmentSimplified\SemesterAssignmentSimplifiedQ1.csproj", "{2454EC45-8568-4B75-9574-EE01BE265434}"
EndProject
Project("{9A19103F-16F7-4668-BE54-9A1E7A4F7556}") = "SemesterAssignmentSimplifiedQ2", "SemesterAssignmentSimplifiedQ2\SemesterAssignmentSimplifiedQ2.csproj", "{1DE30897-2153-42F5-8737-5D64123F1151}"
EndProject
Project("{FAE04EC0-301F-11D3-BF4B-00C04F79EFBC}") = "SemesterAssignmentSimplifiedQ3", "SemesterAssignmentSimplifiedQ3\SemesterAssignmentSimplifiedQ3.csproj", "{B4AFC44F-87B3-42F4-B6CE-C8915041CABB}"
EndProject
Global
	GlobalSection(SolutionConfigurationPlatforms) = preSolution
		Debug|Any CPU = Debug|Any CPU
		Release|Any CPU = Release|Any CPU
	EndGlobalSection
	GlobalSection(ProjectConfigurationPlatforms) = postSolution
		{2454EC45-8568-4B75-9574-EE01BE265434}.Debug|Any CPU.ActiveCfg = Debug|Any CPU
		{2454EC45-8568-4B75-9574-EE01BE265434}.Debug|Any CPU.Build.0 = Debug|Any CPU
		{2454EC45-8568-4B75-9574-EE01BE265434}.Release|Any CPU.ActiveCfg = Release|Any CPU
		{2454EC45-8568-4B75-9574-EE01BE265434}.Release|Any CPU.Build.0 = Release|Any CPU
		{1DE30897-2153-42F5-8737-5D64123F1151}.Debug|Any CPU.ActiveCfg = Debug|Any CPU
		{1DE30897-2153-42F5-8737-5D64123F1151}.Debug|Any CPU.Build.0 = Debug|Any CPU
		{1DE30897-2153-42F5-8737-5D64123F1151}.Release|Any CPU.ActiveCfg = Release|Any CPU
		{1DE30897-2153-42F5-8737-5D64123F1151}.Release|Any CPU.Build.0 = Release|Any CPU
		{B4AFC44F-87B3-42F4-B6CE-C8915041CABB}.Debug|Any CPU.ActiveCfg = Debug|Any CPU
		{B4AFC44F-87B3-42F4-B6CE-C8915041CABB}.Debug|Any CPU.Build.0 = Debug|Any CPU
		{B4AFC44F-87B3-42F4-B6CE-C8915041CABB}.Release|Any CPU.ActiveCfg = Release|Any CPU
		{B4AFC44F-87B3-42F4-B6CE-C8915041CABB}.Release|Any CPU.Build.0 = Release|Any CPU
	EndGlobalSection
	GlobalSection(SolutionProperties) = preSolution
		HideSolutionNode = FALSE
	EndGlobalSection
	GlobalSection(ExtensibilityGlobals) = postSolution
		SolutionGuid = {C11164C3-C9C7-4FAE-B977-FB06F56F2730}
	EndGlobalSection
EndGlobal
